// !$*UTF8*$!
{
	archiveVersion = 1;
	classes = {
	};
	objectVersion = 48;
	objects = {

/* Begin PBXBuildFile section */
		300B24082008B41F000715E4 /* laserblast in Resources */ = {isa = PBXBuildFile; fileRef = 300B24072008B41F000715E4 /* laserblast */; };
		300B244A2008DBD6000715E4 /* dead in Resources */ = {isa = PBXBuildFile; fileRef = 300B24492008DBD6000715E4 /* dead */; };
		300B244C2008E989000715E4 /* spaceship in Resources */ = {isa = PBXBuildFile; fileRef = 300B244B2008E989000715E4 /* spaceship */; };
		300B24502008F93E000715E4 /* QuasarSounds in Resources */ = {isa = PBXBuildFile; fileRef = 300B244F2008F93E000715E4 /* QuasarSounds */; };
		300B24572008FA3A000715E4 /* bigzap1.mp3 in Resources */ = {isa = PBXBuildFile; fileRef = 300B24512008FA39000715E4 /* bigzap1.mp3 */; };
		300B24582008FA3A000715E4 /* zap2.mp3 in Resources */ = {isa = PBXBuildFile; fileRef = 300B24522008FA39000715E4 /* zap2.mp3 */; };
		300B24592008FA3A000715E4 /* zap4.mp3 in Resources */ = {isa = PBXBuildFile; fileRef = 300B24532008FA39000715E4 /* zap4.mp3 */; };
		300B245A2008FA3A000715E4 /* bigzap2.mp3 in Resources */ = {isa = PBXBuildFile; fileRef = 300B24542008FA3A000715E4 /* bigzap2.mp3 */; };
		300B245B2008FA3A000715E4 /* zap3.mp3 in Resources */ = {isa = PBXBuildFile; fileRef = 300B24552008FA3A000715E4 /* zap3.mp3 */; };
		300B245C2008FA3A000715E4 /* zap1.mp3 in Resources */ = {isa = PBXBuildFile; fileRef = 300B24562008FA3A000715E4 /* zap1.mp3 */; };
		CEC8F06A20081BD9004FEEF5 /* AppDelegate.swift in Sources */ = {isa = PBXBuildFile; fileRef = CEC8F06920081BD9004FEEF5 /* AppDelegate.swift */; };
		CEC8F06C20081BD9004FEEF5 /* GameScene.sks in Resources */ = {isa = PBXBuildFile; fileRef = CEC8F06B20081BD9004FEEF5 /* GameScene.sks */; };
		CEC8F06E20081BD9004FEEF5 /* Actions.sks in Resources */ = {isa = PBXBuildFile; fileRef = CEC8F06D20081BD9004FEEF5 /* Actions.sks */; };
		CEC8F07020081BD9004FEEF5 /* GameScene.swift in Sources */ = {isa = PBXBuildFile; fileRef = CEC8F06F20081BD9004FEEF5 /* GameScene.swift */; };
		CEC8F07220081BD9004FEEF5 /* GameViewController.swift in Sources */ = {isa = PBXBuildFile; fileRef = CEC8F07120081BD9004FEEF5 /* GameViewController.swift */; };
		CEC8F07520081BD9004FEEF5 /* Main.storyboard in Resources */ = {isa = PBXBuildFile; fileRef = CEC8F07320081BD9004FEEF5 /* Main.storyboard */; };
		CEC8F07720081BD9004FEEF5 /* Assets.xcassets in Resources */ = {isa = PBXBuildFile; fileRef = CEC8F07620081BD9004FEEF5 /* Assets.xcassets */; };
		CEC8F07A20081BD9004FEEF5 /* LaunchScreen.storyboard in Resources */ = {isa = PBXBuildFile; fileRef = CEC8F07820081BD9004FEEF5 /* LaunchScreen.storyboard */; };
		CEC8F08520081BD9004FEEF5 /* QasarTests.swift in Sources */ = {isa = PBXBuildFile; fileRef = CEC8F08420081BD9004FEEF5 /* QasarTests.swift */; };
		CEC8F09020081BD9004FEEF5 /* QasarUITests.swift in Sources */ = {isa = PBXBuildFile; fileRef = CEC8F08F20081BD9004FEEF5 /* QasarUITests.swift */; };
		CEC8F0A020081CAD004FEEF5 /* explosion.mp3 in Resources */ = {isa = PBXBuildFile; fileRef = CEC8F09D20081CAC004FEEF5 /* explosion.mp3 */; };
		CEC8F0A120081CAD004FEEF5 /* Explosion.sks in Resources */ = {isa = PBXBuildFile; fileRef = CEC8F09E20081CAC004FEEF5 /* Explosion.sks */; };
		CEC8F0AA20082EC3004FEEF5 /* qasarbackground_converted.mp4 in Resources */ = {isa = PBXBuildFile; fileRef = CEC8F0A920082EC3004FEEF5 /* qasarbackground_converted.mp4 */; };
		CEC8F0AC20084635004FEEF5 /* laser2 in Resources */ = {isa = PBXBuildFile; fileRef = CEC8F0AB20084635004FEEF5 /* laser2 */; };
		CEC8F0AE200846FA004FEEF5 /* laser3 in Resources */ = {isa = PBXBuildFile; fileRef = CEC8F0AD200846FA004FEEF5 /* laser3 */; };
/* End PBXBuildFile section */

/* Begin PBXContainerItemProxy section */
		CEC8F08120081BD9004FEEF5 /* PBXContainerItemProxy */ = {
			isa = PBXContainerItemProxy;
			containerPortal = CEC8F05E20081BD9004FEEF5 /* Project object */;
			proxyType = 1;
			remoteGlobalIDString = CEC8F06520081BD9004FEEF5;
			remoteInfo = Qasar;
		};
		CEC8F08C20081BD9004FEEF5 /* PBXContainerItemProxy */ = {
			isa = PBXContainerItemProxy;
			containerPortal = CEC8F05E20081BD9004FEEF5 /* Project object */;
			proxyType = 1;
			remoteGlobalIDString = CEC8F06520081BD9004FEEF5;
			remoteInfo = Qasar;
		};
/* End PBXContainerItemProxy section */

/* Begin PBXFileReference section */
		300B24072008B41F000715E4 /* laserblast */ = {isa = PBXFileReference; lastKnownFileType = folder; name = laserblast; path = ../../../../Documents/pictures/movies/quasar/jon/laserblast; sourceTree = "<group>"; };
		300B24492008DBD6000715E4 /* dead */ = {isa = PBXFileReference; lastKnownFileType = folder; name = dead; path = ../../../../Documents/pictures/movies/quasar/jon/dead; sourceTree = "<group>"; };
		300B244B2008E989000715E4 /* spaceship */ = {isa = PBXFileReference; lastKnownFileType = folder; name = spaceship; path = ../../../../Documents/pictures/movies/quasar/jon/spaceship; sourceTree = "<group>"; };
		300B244F2008F93E000715E4 /* QuasarSounds */ = {isa = PBXFileReference; lastKnownFileType = folder; name = QuasarSounds; path = ../../../../Documents/sounds/QuasarSounds; sourceTree = "<group>"; };
		300B24512008FA39000715E4 /* bigzap1.mp3 */ = {isa = PBXFileReference; lastKnownFileType = audio.mp3; name = bigzap1.mp3; path = ../../../../Documents/sounds/QuasarSounds/bigzap1.mp3; sourceTree = "<group>"; };
		300B24522008FA39000715E4 /* zap2.mp3 */ = {isa = PBXFileReference; lastKnownFileType = audio.mp3; name = zap2.mp3; path = ../../../../Documents/sounds/QuasarSounds/zap2.mp3; sourceTree = "<group>"; };
		300B24532008FA39000715E4 /* zap4.mp3 */ = {isa = PBXFileReference; lastKnownFileType = audio.mp3; name = zap4.mp3; path = ../../../../Documents/sounds/QuasarSounds/zap4.mp3; sourceTree = "<group>"; };
		300B24542008FA3A000715E4 /* bigzap2.mp3 */ = {isa = PBXFileReference; lastKnownFileType = audio.mp3; name = bigzap2.mp3; path = ../../../../Documents/sounds/QuasarSounds/bigzap2.mp3; sourceTree = "<group>"; };
		300B24552008FA3A000715E4 /* zap3.mp3 */ = {isa = PBXFileReference; lastKnownFileType = audio.mp3; name = zap3.mp3; path = ../../../../Documents/sounds/QuasarSounds/zap3.mp3; sourceTree = "<group>"; };
		300B24562008FA3A000715E4 /* zap1.mp3 */ = {isa = PBXFileReference; lastKnownFileType = audio.mp3; name = zap1.mp3; path = ../../../../Documents/sounds/QuasarSounds/zap1.mp3; sourceTree = "<group>"; };
		CEC8F06620081BD9004FEEF5 /* Qasar.app */ = {isa = PBXFileReference; explicitFileType = wrapper.application; includeInIndex = 0; path = Qasar.app; sourceTree = BUILT_PRODUCTS_DIR; };
		CEC8F06920081BD9004FEEF5 /* AppDelegate.swift */ = {isa = PBXFileReference; lastKnownFileType = sourcecode.swift; path = AppDelegate.swift; sourceTree = "<group>"; };
		CEC8F06B20081BD9004FEEF5 /* GameScene.sks */ = {isa = PBXFileReference; lastKnownFileType = file.sks; path = GameScene.sks; sourceTree = "<group>"; };
		CEC8F06D20081BD9004FEEF5 /* Actions.sks */ = {isa = PBXFileReference; lastKnownFileType = file.sks; path = Actions.sks; sourceTree = "<group>"; };
		CEC8F06F20081BD9004FEEF5 /* GameScene.swift */ = {isa = PBXFileReference; lastKnownFileType = sourcecode.swift; path = GameScene.swift; sourceTree = "<group>"; };
		CEC8F07120081BD9004FEEF5 /* GameViewController.swift */ = {isa = PBXFileReference; lastKnownFileType = sourcecode.swift; path = GameViewController.swift; sourceTree = "<group>"; };
		CEC8F07420081BD9004FEEF5 /* Base */ = {isa = PBXFileReference; lastKnownFileType = file.storyboard; name = Base; path = Base.lproj/Main.storyboard; sourceTree = "<group>"; };
		CEC8F07620081BD9004FEEF5 /* Assets.xcassets */ = {isa = PBXFileReference; lastKnownFileType = folder.assetcatalog; path = Assets.xcassets; sourceTree = "<group>"; };
		CEC8F07920081BD9004FEEF5 /* Base */ = {isa = PBXFileReference; lastKnownFileType = file.storyboard; name = Base; path = Base.lproj/LaunchScreen.storyboard; sourceTree = "<group>"; };
		CEC8F07B20081BD9004FEEF5 /* Info.plist */ = {isa = PBXFileReference; lastKnownFileType = text.plist.xml; path = Info.plist; sourceTree = "<group>"; };
		CEC8F08020081BD9004FEEF5 /* QasarTests.xctest */ = {isa = PBXFileReference; explicitFileType = wrapper.cfbundle; includeInIndex = 0; path = QasarTests.xctest; sourceTree = BUILT_PRODUCTS_DIR; };
		CEC8F08420081BD9004FEEF5 /* QasarTests.swift */ = {isa = PBXFileReference; lastKnownFileType = sourcecode.swift; path = QasarTests.swift; sourceTree = "<group>"; };
		CEC8F08620081BD9004FEEF5 /* Info.plist */ = {isa = PBXFileReference; lastKnownFileType = text.plist.xml; path = Info.plist; sourceTree = "<group>"; };
		CEC8F08B20081BD9004FEEF5 /* QasarUITests.xctest */ = {isa = PBXFileReference; explicitFileType = wrapper.cfbundle; includeInIndex = 0; path = QasarUITests.xctest; sourceTree = BUILT_PRODUCTS_DIR; };
		CEC8F08F20081BD9004FEEF5 /* QasarUITests.swift */ = {isa = PBXFileReference; lastKnownFileType = sourcecode.swift; path = QasarUITests.swift; sourceTree = "<group>"; };
		CEC8F09120081BD9004FEEF5 /* Info.plist */ = {isa = PBXFileReference; lastKnownFileType = text.plist.xml; path = Info.plist; sourceTree = "<group>"; };
		CEC8F09D20081CAC004FEEF5 /* explosion.mp3 */ = {isa = PBXFileReference; lastKnownFileType = audio.mp3; path = explosion.mp3; sourceTree = "<group>"; };
		CEC8F09E20081CAC004FEEF5 /* Explosion.sks */ = {isa = PBXFileReference; lastKnownFileType = file.sks; path = Explosion.sks; sourceTree = "<group>"; };
		CEC8F0A920082EC3004FEEF5 /* qasarbackground_converted.mp4 */ = {isa = PBXFileReference; lastKnownFileType = file; name = qasarbackground_converted.mp4; path = Assets.xcassets/qasarbackground_converted.dataset/qasarbackground_converted.mp4; sourceTree = "<group>"; };
		CEC8F0AB20084635004FEEF5 /* laser2 */ = {isa = PBXFileReference; lastKnownFileType = folder; path = laser2; sourceTree = "<group>"; };
		CEC8F0AD200846FA004FEEF5 /* laser3 */ = {isa = PBXFileReference; lastKnownFileType = folder; path = laser3; sourceTree = "<group>"; };
/* End PBXFileReference section */

/* Begin PBXFrameworksBuildPhase section */
		CEC8F06320081BD9004FEEF5 /* Frameworks */ = {
			isa = PBXFrameworksBuildPhase;
			buildActionMask = 2147483647;
			files = (
			);
			runOnlyForDeploymentPostprocessing = 0;
		};
		CEC8F07D20081BD9004FEEF5 /* Frameworks */ = {
			isa = PBXFrameworksBuildPhase;
			buildActionMask = 2147483647;
			files = (
			);
			runOnlyForDeploymentPostprocessing = 0;
		};
		CEC8F08820081BD9004FEEF5 /* Frameworks */ = {
			isa = PBXFrameworksBuildPhase;
			buildActionMask = 2147483647;
			files = (
			);
			runOnlyForDeploymentPostprocessing = 0;
		};
/* End PBXFrameworksBuildPhase section */

/* Begin PBXGroup section */
		CEC8F05D20081BD9004FEEF5 = {
			isa = PBXGroup;
			children = (
				CEC8F06820081BD9004FEEF5 /* Qasar */,
				CEC8F08320081BD9004FEEF5 /* QasarTests */,
				CEC8F08E20081BD9004FEEF5 /* QasarUITests */,
				CEC8F06720081BD9004FEEF5 /* Products */,
			);
			sourceTree = "<group>";
		};
		CEC8F06720081BD9004FEEF5 /* Products */ = {
			isa = PBXGroup;
			children = (
				CEC8F06620081BD9004FEEF5 /* Qasar.app */,
				CEC8F08020081BD9004FEEF5 /* QasarTests.xctest */,
				CEC8F08B20081BD9004FEEF5 /* QasarUITests.xctest */,
			);
			name = Products;
			sourceTree = "<group>";
		};
		CEC8F06820081BD9004FEEF5 /* Qasar */ = {
			isa = PBXGroup;
			children = (
				CEC8F06920081BD9004FEEF5 /* AppDelegate.swift */,
				CEC8F06B20081BD9004FEEF5 /* GameScene.sks */,
				CEC8F06D20081BD9004FEEF5 /* Actions.sks */,
				CEC8F06F20081BD9004FEEF5 /* GameScene.swift */,
				300B244F2008F93E000715E4 /* QuasarSounds */,
				300B244B2008E989000715E4 /* spaceship */,
				300B24072008B41F000715E4 /* laserblast */,
				CEC8F0AD200846FA004FEEF5 /* laser3 */,
				CEC8F07120081BD9004FEEF5 /* GameViewController.swift */,
				CEC8F07320081BD9004FEEF5 /* Main.storyboard */,
				CEC8F07620081BD9004FEEF5 /* Assets.xcassets */,
				300B24492008DBD6000715E4 /* dead */,
				CEC8F0AB20084635004FEEF5 /* laser2 */,
				CEC8F0A920082EC3004FEEF5 /* qasarbackground_converted.mp4 */,
				CEC8F09D20081CAC004FEEF5 /* explosion.mp3 */,
				300B24512008FA39000715E4 /* bigzap1.mp3 */,
				300B24542008FA3A000715E4 /* bigzap2.mp3 */,
				300B24562008FA3A000715E4 /* zap1.mp3 */,
				300B24522008FA39000715E4 /* zap2.mp3 */,
				300B24552008FA3A000715E4 /* zap3.mp3 */,
				300B24532008FA39000715E4 /* zap4.mp3 */,
				CEC8F09E20081CAC004FEEF5 /* Explosion.sks */,
				CEC8F07820081BD9004FEEF5 /* LaunchScreen.storyboard */,
				CEC8F07B20081BD9004FEEF5 /* Info.plist */,
			);
			path = Qasar;
			sourceTree = "<group>";
		};
		CEC8F08320081BD9004FEEF5 /* QasarTests */ = {
			isa = PBXGroup;
			children = (
				CEC8F08420081BD9004FEEF5 /* QasarTests.swift */,
				CEC8F08620081BD9004FEEF5 /* Info.plist */,
			);
			path = QasarTests;
			sourceTree = "<group>";
		};
		CEC8F08E20081BD9004FEEF5 /* QasarUITests */ = {
			isa = PBXGroup;
			children = (
				CEC8F08F20081BD9004FEEF5 /* QasarUITests.swift */,
				CEC8F09120081BD9004FEEF5 /* Info.plist */,
			);
			path = QasarUITests;
			sourceTree = "<group>";
		};
/* End PBXGroup section */

/* Begin PBXNativeTarget section */
		CEC8F06520081BD9004FEEF5 /* Qasar */ = {
			isa = PBXNativeTarget;
			buildConfigurationList = CEC8F09420081BD9004FEEF5 /* Build configuration list for PBXNativeTarget "Qasar" */;
			buildPhases = (
				CEC8F06220081BD9004FEEF5 /* Sources */,
				CEC8F06320081BD9004FEEF5 /* Frameworks */,
				CEC8F06420081BD9004FEEF5 /* Resources */,
			);
			buildRules = (
			);
			dependencies = (
			);
			name = Qasar;
			productName = Qasar;
			productReference = CEC8F06620081BD9004FEEF5 /* Qasar.app */;
			productType = "com.apple.product-type.application";
		};
		CEC8F07F20081BD9004FEEF5 /* QasarTests */ = {
			isa = PBXNativeTarget;
			buildConfigurationList = CEC8F09720081BD9004FEEF5 /* Build configuration list for PBXNativeTarget "QasarTests" */;
			buildPhases = (
				CEC8F07C20081BD9004FEEF5 /* Sources */,
				CEC8F07D20081BD9004FEEF5 /* Frameworks */,
				CEC8F07E20081BD9004FEEF5 /* Resources */,
			);
			buildRules = (
			);
			dependencies = (
				CEC8F08220081BD9004FEEF5 /* PBXTargetDependency */,
			);
			name = QasarTests;
			productName = QasarTests;
			productReference = CEC8F08020081BD9004FEEF5 /* QasarTests.xctest */;
			productType = "com.apple.product-type.bundle.unit-test";
		};
		CEC8F08A20081BD9004FEEF5 /* QasarUITests */ = {
			isa = PBXNativeTarget;
			buildConfigurationList = CEC8F09A20081BD9004FEEF5 /* Build configuration list for PBXNativeTarget "QasarUITests" */;
			buildPhases = (
				CEC8F08720081BD9004FEEF5 /* Sources */,
				CEC8F08820081BD9004FEEF5 /* Frameworks */,
				CEC8F08920081BD9004FEEF5 /* Resources */,
			);
			buildRules = (
			);
			dependencies = (
				CEC8F08D20081BD9004FEEF5 /* PBXTargetDependency */,
			);
			name = QasarUITests;
			productName = QasarUITests;
			productReference = CEC8F08B20081BD9004FEEF5 /* QasarUITests.xctest */;
			productType = "com.apple.product-type.bundle.ui-testing";
		};
/* End PBXNativeTarget section */

/* Begin PBXProject section */
		CEC8F05E20081BD9004FEEF5 /* Project object */ = {
			isa = PBXProject;
			attributes = {
				LastSwiftUpdateCheck = 0920;
				LastUpgradeCheck = 0920;
				ORGANIZATIONNAME = tresAmigos;
				TargetAttributes = {
					CEC8F06520081BD9004FEEF5 = {
						CreatedOnToolsVersion = 9.2;
						ProvisioningStyle = Automatic;
					};
					CEC8F07F20081BD9004FEEF5 = {
						CreatedOnToolsVersion = 9.2;
						ProvisioningStyle = Automatic;
						TestTargetID = CEC8F06520081BD9004FEEF5;
					};
					CEC8F08A20081BD9004FEEF5 = {
						CreatedOnToolsVersion = 9.2;
						ProvisioningStyle = Automatic;
						TestTargetID = CEC8F06520081BD9004FEEF5;
					};
				};
			};
			buildConfigurationList = CEC8F06120081BD9004FEEF5 /* Build configuration list for PBXProject "Qasar" */;
			compatibilityVersion = "Xcode 8.0";
			developmentRegion = en;
			hasScannedForEncodings = 0;
			knownRegions = (
				en,
				Base,
			);
			mainGroup = CEC8F05D20081BD9004FEEF5;
			productRefGroup = CEC8F06720081BD9004FEEF5 /* Products */;
			projectDirPath = "";
			projectRoot = "";
			targets = (
				CEC8F06520081BD9004FEEF5 /* Qasar */,
				CEC8F07F20081BD9004FEEF5 /* QasarTests */,
				CEC8F08A20081BD9004FEEF5 /* QasarUITests */,
			);
		};
/* End PBXProject section */

/* Begin PBXResourcesBuildPhase section */
		CEC8F06420081BD9004FEEF5 /* Resources */ = {
			isa = PBXResourcesBuildPhase;
			buildActionMask = 2147483647;
			files = (
				300B245A2008FA3A000715E4 /* bigzap2.mp3 in Resources */,
				CEC8F0AE200846FA004FEEF5 /* laser3 in Resources */,
				CEC8F0A020081CAD004FEEF5 /* explosion.mp3 in Resources */,
				CEC8F07520081BD9004FEEF5 /* Main.storyboard in Resources */,
				300B24582008FA3A000715E4 /* zap2.mp3 in Resources */,
				300B244C2008E989000715E4 /* spaceship in Resources */,
				300B245C2008FA3A000715E4 /* zap1.mp3 in Resources */,
				CEC8F06C20081BD9004FEEF5 /* GameScene.sks in Resources */,
				300B24502008F93E000715E4 /* QuasarSounds in Resources */,
				300B24082008B41F000715E4 /* laserblast in Resources */,
				CEC8F0AA20082EC3004FEEF5 /* qasarbackground_converted.mp4 in Resources */,
				CEC8F07720081BD9004FEEF5 /* Assets.xcassets in Resources */,
				CEC8F07A20081BD9004FEEF5 /* LaunchScreen.storyboard in Resources */,
				CEC8F0A120081CAD004FEEF5 /* Explosion.sks in Resources */,
				300B24592008FA3A000715E4 /* zap4.mp3 in Resources */,
				CEC8F06E20081BD9004FEEF5 /* Actions.sks in Resources */,
				300B24572008FA3A000715E4 /* bigzap1.mp3 in Resources */,
				300B244A2008DBD6000715E4 /* dead in Resources */,
				300B245B2008FA3A000715E4 /* zap3.mp3 in Resources */,
				CEC8F0AC20084635004FEEF5 /* laser2 in Resources */,
			);
			runOnlyForDeploymentPostprocessing = 0;
		};
		CEC8F07E20081BD9004FEEF5 /* Resources */ = {
			isa = PBXResourcesBuildPhase;
			buildActionMask = 2147483647;
			files = (
			);
			runOnlyForDeploymentPostprocessing = 0;
		};
		CEC8F08920081BD9004FEEF5 /* Resources */ = {
			isa = PBXResourcesBuildPhase;
			buildActionMask = 2147483647;
			files = (
			);
			runOnlyForDeploymentPostprocessing = 0;
		};
/* End PBXResourcesBuildPhase section */

/* Begin PBXSourcesBuildPhase section */
		CEC8F06220081BD9004FEEF5 /* Sources */ = {
			isa = PBXSourcesBuildPhase;
			buildActionMask = 2147483647;
			files = (
				CEC8F07020081BD9004FEEF5 /* GameScene.swift in Sources */,
				CEC8F07220081BD9004FEEF5 /* GameViewController.swift in Sources */,
				CEC8F06A20081BD9004FEEF5 /* AppDelegate.swift in Sources */,
			);
			runOnlyForDeploymentPostprocessing = 0;
		};
		CEC8F07C20081BD9004FEEF5 /* Sources */ = {
			isa = PBXSourcesBuildPhase;
			buildActionMask = 2147483647;
			files = (
				CEC8F08520081BD9004FEEF5 /* QasarTests.swift in Sources */,
			);
			runOnlyForDeploymentPostprocessing = 0;
		};
		CEC8F08720081BD9004FEEF5 /* Sources */ = {
			isa = PBXSourcesBuildPhase;
			buildActionMask = 2147483647;
			files = (
				CEC8F09020081BD9004FEEF5 /* QasarUITests.swift in Sources */,
			);
			runOnlyForDeploymentPostprocessing = 0;
		};
/* End PBXSourcesBuildPhase section */

/* Begin PBXTargetDependency section */
		CEC8F08220081BD9004FEEF5 /* PBXTargetDependency */ = {
			isa = PBXTargetDependency;
			target = CEC8F06520081BD9004FEEF5 /* Qasar */;
			targetProxy = CEC8F08120081BD9004FEEF5 /* PBXContainerItemProxy */;
		};
		CEC8F08D20081BD9004FEEF5 /* PBXTargetDependency */ = {
			isa = PBXTargetDependency;
			target = CEC8F06520081BD9004FEEF5 /* Qasar */;
			targetProxy = CEC8F08C20081BD9004FEEF5 /* PBXContainerItemProxy */;
		};
/* End PBXTargetDependency section */

/* Begin PBXVariantGroup section */
		CEC8F07320081BD9004FEEF5 /* Main.storyboard */ = {
			isa = PBXVariantGroup;
			children = (
				CEC8F07420081BD9004FEEF5 /* Base */,
			);
			name = Main.storyboard;
			sourceTree = "<group>";
		};
		CEC8F07820081BD9004FEEF5 /* LaunchScreen.storyboard */ = {
			isa = PBXVariantGroup;
			children = (
				CEC8F07920081BD9004FEEF5 /* Base */,
			);
			name = LaunchScreen.storyboard;
			sourceTree = "<group>";
		};
/* End PBXVariantGroup section */

/* Begin XCBuildConfiguration section */
		CEC8F09220081BD9004FEEF5 /* Debug */ = {
			isa = XCBuildConfiguration;
			buildSettings = {
				ALWAYS_SEARCH_USER_PATHS = NO;
				CLANG_ANALYZER_NONNULL = YES;
				CLANG_ANALYZER_NUMBER_OBJECT_CONVERSION = YES_AGGRESSIVE;
				CLANG_CXX_LANGUAGE_STANDARD = "gnu++14";
				CLANG_CXX_LIBRARY = "libc++";
				CLANG_ENABLE_MODULES = YES;
				CLANG_ENABLE_OBJC_ARC = YES;
				CLANG_WARN_BLOCK_CAPTURE_AUTORELEASING = YES;
				CLANG_WARN_BOOL_CONVERSION = YES;
				CLANG_WARN_COMMA = YES;
				CLANG_WARN_CONSTANT_CONVERSION = YES;
				CLANG_WARN_DIRECT_OBJC_ISA_USAGE = YES_ERROR;
				CLANG_WARN_DOCUMENTATION_COMMENTS = YES;
				CLANG_WARN_EMPTY_BODY = YES;
				CLANG_WARN_ENUM_CONVERSION = YES;
				CLANG_WARN_INFINITE_RECURSION = YES;
				CLANG_WARN_INT_CONVERSION = YES;
				CLANG_WARN_NON_LITERAL_NULL_CONVERSION = YES;
				CLANG_WARN_OBJC_LITERAL_CONVERSION = YES;
				CLANG_WARN_OBJC_ROOT_CLASS = YES_ERROR;
				CLANG_WARN_RANGE_LOOP_ANALYSIS = YES;
				CLANG_WARN_STRICT_PROTOTYPES = YES;
				CLANG_WARN_SUSPICIOUS_MOVE = YES;
				CLANG_WARN_UNGUARDED_AVAILABILITY = YES_AGGRESSIVE;
				CLANG_WARN_UNREACHABLE_CODE = YES;
				CLANG_WARN__DUPLICATE_METHOD_MATCH = YES;
				CODE_SIGN_IDENTITY = "iPhone Developer";
				COPY_PHASE_STRIP = NO;
				DEBUG_INFORMATION_FORMAT = dwarf;
				ENABLE_STRICT_OBJC_MSGSEND = YES;
				ENABLE_TESTABILITY = YES;
				GCC_C_LANGUAGE_STANDARD = gnu11;
				GCC_DYNAMIC_NO_PIC = NO;
				GCC_NO_COMMON_BLOCKS = YES;
				GCC_OPTIMIZATION_LEVEL = 0;
				GCC_PREPROCESSOR_DEFINITIONS = (
					"DEBUG=1",
					"$(inherited)",
				);
				GCC_WARN_64_TO_32_BIT_CONVERSION = YES;
				GCC_WARN_ABOUT_RETURN_TYPE = YES_ERROR;
				GCC_WARN_UNDECLARED_SELECTOR = YES;
				GCC_WARN_UNINITIALIZED_AUTOS = YES_AGGRESSIVE;
				GCC_WARN_UNUSED_FUNCTION = YES;
				GCC_WARN_UNUSED_VARIABLE = YES;
				IPHONEOS_DEPLOYMENT_TARGET = 11.2;
				MTL_ENABLE_DEBUG_INFO = YES;
				ONLY_ACTIVE_ARCH = YES;
				SDKROOT = iphoneos;
				SWIFT_ACTIVE_COMPILATION_CONDITIONS = DEBUG;
				SWIFT_OPTIMIZATION_LEVEL = "-Onone";
			};
			name = Debug;
		};
		CEC8F09320081BD9004FEEF5 /* Release */ = {
			isa = XCBuildConfiguration;
			buildSettings = {
				ALWAYS_SEARCH_USER_PATHS = NO;
				CLANG_ANALYZER_NONNULL = YES;
				CLANG_ANALYZER_NUMBER_OBJECT_CONVERSION = YES_AGGRESSIVE;
				CLANG_CXX_LANGUAGE_STANDARD = "gnu++14";
				CLANG_CXX_LIBRARY = "libc++";
				CLANG_ENABLE_MODULES = YES;
				CLANG_ENABLE_OBJC_ARC = YES;
				CLANG_WARN_BLOCK_CAPTURE_AUTORELEASING = YES;
				CLANG_WARN_BOOL_CONVERSION = YES;
				CLANG_WARN_COMMA = YES;
				CLANG_WARN_CONSTANT_CONVERSION = YES;
				CLANG_WARN_DIRECT_OBJC_ISA_USAGE = YES_ERROR;
				CLANG_WARN_DOCUMENTATION_COMMENTS = YES;
				CLANG_WARN_EMPTY_BODY = YES;
				CLANG_WARN_ENUM_CONVERSION = YES;
				CLANG_WARN_INFINITE_RECURSION = YES;
				CLANG_WARN_INT_CONVERSION = YES;
				CLANG_WARN_NON_LITERAL_NULL_CONVERSION = YES;
				CLANG_WARN_OBJC_LITERAL_CONVERSION = YES;
				CLANG_WARN_OBJC_ROOT_CLASS = YES_ERROR;
				CLANG_WARN_RANGE_LOOP_ANALYSIS = YES;
				CLANG_WARN_STRICT_PROTOTYPES = YES;
				CLANG_WARN_SUSPICIOUS_MOVE = YES;
				CLANG_WARN_UNGUARDED_AVAILABILITY = YES_AGGRESSIVE;
				CLANG_WARN_UNREACHABLE_CODE = YES;
				CLANG_WARN__DUPLICATE_METHOD_MATCH = YES;
				CODE_SIGN_IDENTITY = "iPhone Developer";
				COPY_PHASE_STRIP = NO;
				DEBUG_INFORMATION_FORMAT = "dwarf-with-dsym";
				ENABLE_NS_ASSERTIONS = NO;
				ENABLE_STRICT_OBJC_MSGSEND = YES;
				GCC_C_LANGUAGE_STANDARD = gnu11;
				GCC_NO_COMMON_BLOCKS = YES;
				GCC_WARN_64_TO_32_BIT_CONVERSION = YES;
				GCC_WARN_ABOUT_RETURN_TYPE = YES_ERROR;
				GCC_WARN_UNDECLARED_SELECTOR = YES;
				GCC_WARN_UNINITIALIZED_AUTOS = YES_AGGRESSIVE;
				GCC_WARN_UNUSED_FUNCTION = YES;
				GCC_WARN_UNUSED_VARIABLE = YES;
				IPHONEOS_DEPLOYMENT_TARGET = 11.2;
				MTL_ENABLE_DEBUG_INFO = NO;
				SDKROOT = iphoneos;
				SWIFT_OPTIMIZATION_LEVEL = "-Owholemodule";
				VALIDATE_PRODUCT = YES;
			};
			name = Release;
		};
		CEC8F09520081BD9004FEEF5 /* Debug */ = {
			isa = XCBuildConfiguration;
			buildSettings = {
				ASSETCATALOG_COMPILER_APPICON_NAME = AppIcon;
				CODE_SIGN_STYLE = Automatic;
				DEVELOPMENT_TEAM = JUE8686G8S;
				INFOPLIST_FILE = Qasar/Info.plist;
				LD_RUNPATH_SEARCH_PATHS = "$(inherited) @executable_path/Frameworks";
				PRODUCT_BUNDLE_IDENTIFIER = com.user.Quasar;
				PRODUCT_NAME = "$(TARGET_NAME)";
				SWIFT_VERSION = 4.0;
				TARGETED_DEVICE_FAMILY = "1,2";
			};
			name = Debug;
		};
		CEC8F09620081BD9004FEEF5 /* Release */ = {
			isa = XCBuildConfiguration;
			buildSettings = {
				ASSETCATALOG_COMPILER_APPICON_NAME = AppIcon;
				CODE_SIGN_STYLE = Automatic;
				DEVELOPMENT_TEAM = JUE8686G8S;
				INFOPLIST_FILE = Qasar/Info.plist;
				LD_RUNPATH_SEARCH_PATHS = "$(inherited) @executable_path/Frameworks";
				PRODUCT_BUNDLE_IDENTIFIER = com.user.Quasar;
				PRODUCT_NAME = "$(TARGET_NAME)";
				SWIFT_VERSION = 4.0;
				TARGETED_DEVICE_FAMILY = "1,2";
			};
			name = Release;
		};
		CEC8F09820081BD9004FEEF5 /* Debug */ = {
			isa = XCBuildConfiguration;
			buildSettings = {
				ALWAYS_EMBED_SWIFT_STANDARD_LIBRARIES = YES;
				BUNDLE_LOADER = "$(TEST_HOST)";
				CODE_SIGN_STYLE = Automatic;
				INFOPLIST_FILE = QasarTests/Info.plist;
				LD_RUNPATH_SEARCH_PATHS = "$(inherited) @executable_path/Frameworks @loader_path/Frameworks";
				PRODUCT_BUNDLE_IDENTIFIER = com.user.QasarTests;
				PRODUCT_NAME = "$(TARGET_NAME)";
				SWIFT_VERSION = 4.0;
				TARGETED_DEVICE_FAMILY = "1,2";
				TEST_HOST = "$(BUILT_PRODUCTS_DIR)/Qasar.app/Qasar";
			};
			name = Debug;
		};
		CEC8F09920081BD9004FEEF5 /* Release */ = {
			isa = XCBuildConfiguration;
			buildSettings = {
				ALWAYS_EMBED_SWIFT_STANDARD_LIBRARIES = YES;
				BUNDLE_LOADER = "$(TEST_HOST)";
				CODE_SIGN_STYLE = Automatic;
				INFOPLIST_FILE = QasarTests/Info.plist;
				LD_RUNPATH_SEARCH_PATHS = "$(inherited) @executable_path/Frameworks @loader_path/Frameworks";
				PRODUCT_BUNDLE_IDENTIFIER = com.user.QasarTests;
				PRODUCT_NAME = "$(TARGET_NAME)";
				SWIFT_VERSION = 4.0;
				TARGETED_DEVICE_FAMILY = "1,2";
				TEST_HOST = "$(BUILT_PRODUCTS_DIR)/Qasar.app/Qasar";
			};
			name = Release;
		};
		CEC8F09B20081BD9004FEEF5 /* Debug */ = {
			isa = XCBuildConfiguration;
			buildSettings = {
				ALWAYS_EMBED_SWIFT_STANDARD_LIBRARIES = YES;
				CODE_SIGN_STYLE = Automatic;
				INFOPLIST_FILE = QasarUITests/Info.plist;
				LD_RUNPATH_SEARCH_PATHS = "$(inherited) @executable_path/Frameworks @loader_path/Frameworks";
				PRODUCT_BUNDLE_IDENTIFIER = com.user.QasarUITests;
				PRODUCT_NAME = "$(TARGET_NAME)";
				SWIFT_VERSION = 4.0;
				TARGETED_DEVICE_FAMILY = "1,2";
				TEST_TARGET_NAME = Qasar;
			};
			name = Debug;
		};
		CEC8F09C20081BD9004FEEF5 /* Release */ = {
			isa = XCBuildConfiguration;
			buildSettings = {
				ALWAYS_EMBED_SWIFT_STANDARD_LIBRARIES = YES;
				CODE_SIGN_STYLE = Automatic;
				INFOPLIST_FILE = QasarUITests/Info.plist;
				LD_RUNPATH_SEARCH_PATHS = "$(inherited) @executable_path/Frameworks @loader_path/Frameworks";
				PRODUCT_BUNDLE_IDENTIFIER = com.user.QasarUITests;
				PRODUCT_NAME = "$(TARGET_NAME)";
				SWIFT_VERSION = 4.0;
				TARGETED_DEVICE_FAMILY = "1,2";
				TEST_TARGET_NAME = Qasar;
			};
			name = Release;
		};
/* End XCBuildConfiguration section */

/* Begin XCConfigurationList section */
		CEC8F06120081BD9004FEEF5 /* Build configuration list for PBXProject "Qasar" */ = {
			isa = XCConfigurationList;
			buildConfigurations = (
				CEC8F09220081BD9004FEEF5 /* Debug */,
				CEC8F09320081BD9004FEEF5 /* Release */,
			);
			defaultConfigurationIsVisible = 0;
			defaultConfigurationName = Release;
		};
		CEC8F09420081BD9004FEEF5 /* Build configuration list for PBXNativeTarget "Qasar" */ = {
			isa = XCConfigurationList;
			buildConfigurations = (
				CEC8F09520081BD9004FEEF5 /* Debug */,
				CEC8F09620081BD9004FEEF5 /* Release */,
			);
			defaultConfigurationIsVisible = 0;
			defaultConfigurationName = Release;
		};
		CEC8F09720081BD9004FEEF5 /* Build configuration list for PBXNativeTarget "QasarTests" */ = {
			isa = XCConfigurationList;
			buildConfigurations = (
				CEC8F09820081BD9004FEEF5 /* Debug */,
				CEC8F09920081BD9004FEEF5 /* Release */,
			);
			defaultConfigurationIsVisible = 0;
			defaultConfigurationName = Release;
		};
		CEC8F09A20081BD9004FEEF5 /* Build configuration list for PBXNativeTarget "QasarUITests" */ = {
			isa = XCConfigurationList;
			buildConfigurations = (
				CEC8F09B20081BD9004FEEF5 /* Debug */,
				CEC8F09C20081BD9004FEEF5 /* Release */,
			);
			defaultConfigurationIsVisible = 0;
			defaultConfigurationName = Release;
		};
/* End XCConfigurationList section */
	};
	rootObject = CEC8F05E20081BD9004FEEF5 /* Project object */;
}
